// !$*UTF8*$!
{
	archiveVersion = 1;
	classes = {
	};
	objectVersion = 46;
	objects = {

/* Begin PBXBuildFile section */
		1350836A1F515C2800F438F7 /* TexpensesUITests.swift in Sources */ = {isa = PBXBuildFile; fileRef = 135083691F515C2800F438F7 /* TexpensesUITests.swift */; };
		135083721F515DE300F438F7 /* UserSettings.swift in Sources */ = {isa = PBXBuildFile; fileRef = 135083711F515DE300F438F7 /* UserSettings.swift */; };
		136D0BA11F4C4D2B00DEEB3B /* TransactionDetailsTableViewController.swift in Sources */ = {isa = PBXBuildFile; fileRef = 136D0BA01F4C4D2B00DEEB3B /* TransactionDetailsTableViewController.swift */; };
		136D0BA51F4C62C900DEEB3B /* SummaryCollectionViewController.swift in Sources */ = {isa = PBXBuildFile; fileRef = 136D0BA41F4C62C900DEEB3B /* SummaryCollectionViewController.swift */; };
		136D0BA71F4D062A00DEEB3B /* SettingsTableViewController.swift in Sources */ = {isa = PBXBuildFile; fileRef = 136D0BA61F4D062A00DEEB3B /* SettingsTableViewController.swift */; };
		136D0BA91F4D153C00DEEB3B /* CurrenciesTableViewController.swift in Sources */ = {isa = PBXBuildFile; fileRef = 136D0BA81F4D153C00DEEB3B /* CurrenciesTableViewController.swift */; };
		136D0BAC1F4D793F00DEEB3B /* MapKit.framework in Frameworks */ = {isa = PBXBuildFile; fileRef = 136D0BAB1F4D793F00DEEB3B /* MapKit.framework */; };
		136D0BAE1F4DB86F00DEEB3B /* AddExpenseViewController.swift in Sources */ = {isa = PBXBuildFile; fileRef = 136D0BAD1F4DB86F00DEEB3B /* AddExpenseViewController.swift */; };
		136D0BB01F4E483B00DEEB3B /* Summary.swift in Sources */ = {isa = PBXBuildFile; fileRef = 136D0BAF1F4E483B00DEEB3B /* Summary.swift */; };
		136D0BB21F4E55C500DEEB3B /* Currency.swift in Sources */ = {isa = PBXBuildFile; fileRef = 136D0BB11F4E55C500DEEB3B /* Currency.swift */; };
		136D0BB41F4E579000DEEB3B /* Transaction.swift in Sources */ = {isa = PBXBuildFile; fileRef = 136D0BB31F4E579000DEEB3B /* Transaction.swift */; };
		136D0BE21F4EE1B400DEEB3B /* DashboardViewController.swift in Sources */ = {isa = PBXBuildFile; fileRef = 136D0BE11F4EE1B400DEEB3B /* DashboardViewController.swift */; };
		13C46DC11F4BA39A004FD91F /* AppDelegate.swift in Sources */ = {isa = PBXBuildFile; fileRef = 13C46DC01F4BA39A004FD91F /* AppDelegate.swift */; };
		13C46DC61F4BA39A004FD91F /* Main.storyboard in Resources */ = {isa = PBXBuildFile; fileRef = 13C46DC41F4BA39A004FD91F /* Main.storyboard */; };
		13C46DCB1F4BA39A004FD91F /* LaunchScreen.storyboard in Resources */ = {isa = PBXBuildFile; fileRef = 13C46DC91F4BA39A004FD91F /* LaunchScreen.storyboard */; };
		13C46DE31F4BADCE004FD91F /* Assets.xcassets in Resources */ = {isa = PBXBuildFile; fileRef = 13C46DE21F4BADCE004FD91F /* Assets.xcassets */; };
		13C46DE51F4BD24E004FD91F /* TransactionsTableViewController.swift in Sources */ = {isa = PBXBuildFile; fileRef = 13C46DE41F4BD24E004FD91F /* TransactionsTableViewController.swift */; };
/* End PBXBuildFile section */

/* Begin PBXContainerItemProxy section */
		1350836C1F515C2800F438F7 /* PBXContainerItemProxy */ = {
			isa = PBXContainerItemProxy;
			containerPortal = 13C46DB51F4BA39A004FD91F /* Project object */;
			proxyType = 1;
			remoteGlobalIDString = 13C46DBC1F4BA39A004FD91F;
			remoteInfo = Texpenses;
		};
/* End PBXContainerItemProxy section */

/* Begin PBXFileReference section */
		135083671F515C2800F438F7 /* TexpensesUITests.xctest */ = {isa = PBXFileReference; explicitFileType = wrapper.cfbundle; includeInIndex = 0; path = TexpensesUITests.xctest; sourceTree = BUILT_PRODUCTS_DIR; };
		135083691F515C2800F438F7 /* TexpensesUITests.swift */ = {isa = PBXFileReference; lastKnownFileType = sourcecode.swift; path = TexpensesUITests.swift; sourceTree = "<group>"; };
		1350836B1F515C2800F438F7 /* Info.plist */ = {isa = PBXFileReference; lastKnownFileType = text.plist.xml; path = Info.plist; sourceTree = "<group>"; };
		135083711F515DE300F438F7 /* UserSettings.swift */ = {isa = PBXFileReference; fileEncoding = 4; lastKnownFileType = sourcecode.swift; path = UserSettings.swift; sourceTree = "<group>"; };
		136D0BA01F4C4D2B00DEEB3B /* TransactionDetailsTableViewController.swift */ = {isa = PBXFileReference; fileEncoding = 4; lastKnownFileType = sourcecode.swift; path = TransactionDetailsTableViewController.swift; sourceTree = "<group>"; };
		136D0BA41F4C62C900DEEB3B /* SummaryCollectionViewController.swift */ = {isa = PBXFileReference; fileEncoding = 4; lastKnownFileType = sourcecode.swift; path = SummaryCollectionViewController.swift; sourceTree = "<group>"; };
		136D0BA61F4D062A00DEEB3B /* SettingsTableViewController.swift */ = {isa = PBXFileReference; fileEncoding = 4; lastKnownFileType = sourcecode.swift; path = SettingsTableViewController.swift; sourceTree = "<group>"; };
		136D0BA81F4D153C00DEEB3B /* CurrenciesTableViewController.swift */ = {isa = PBXFileReference; fileEncoding = 4; lastKnownFileType = sourcecode.swift; path = CurrenciesTableViewController.swift; sourceTree = "<group>"; };
		136D0BAB1F4D793F00DEEB3B /* MapKit.framework */ = {isa = PBXFileReference; lastKnownFileType = wrapper.framework; name = MapKit.framework; path = System/Library/Frameworks/MapKit.framework; sourceTree = SDKROOT; };
		136D0BAD1F4DB86F00DEEB3B /* AddExpenseViewController.swift */ = {isa = PBXFileReference; fileEncoding = 4; lastKnownFileType = sourcecode.swift; path = AddExpenseViewController.swift; sourceTree = "<group>"; };
		136D0BAF1F4E483B00DEEB3B /* Summary.swift */ = {isa = PBXFileReference; fileEncoding = 4; lastKnownFileType = sourcecode.swift; path = Summary.swift; sourceTree = "<group>"; };
		136D0BB11F4E55C500DEEB3B /* Currency.swift */ = {isa = PBXFileReference; fileEncoding = 4; lastKnownFileType = sourcecode.swift; path = Currency.swift; sourceTree = "<group>"; };
		136D0BB31F4E579000DEEB3B /* Transaction.swift */ = {isa = PBXFileReference; fileEncoding = 4; lastKnownFileType = sourcecode.swift; path = Transaction.swift; sourceTree = "<group>"; };
		136D0BE11F4EE1B400DEEB3B /* DashboardViewController.swift */ = {isa = PBXFileReference; fileEncoding = 4; lastKnownFileType = sourcecode.swift; path = DashboardViewController.swift; sourceTree = "<group>"; };
		13C46DBD1F4BA39A004FD91F /* Texpenses.app */ = {isa = PBXFileReference; explicitFileType = wrapper.application; includeInIndex = 0; path = Texpenses.app; sourceTree = BUILT_PRODUCTS_DIR; };
		13C46DC01F4BA39A004FD91F /* AppDelegate.swift */ = {isa = PBXFileReference; lastKnownFileType = sourcecode.swift; path = AppDelegate.swift; sourceTree = "<group>"; };
		13C46DC51F4BA39A004FD91F /* Base */ = {isa = PBXFileReference; lastKnownFileType = file.storyboard; name = Base; path = Base.lproj/Main.storyboard; sourceTree = "<group>"; };
		13C46DCA1F4BA39A004FD91F /* Base */ = {isa = PBXFileReference; lastKnownFileType = file.storyboard; name = Base; path = Base.lproj/LaunchScreen.storyboard; sourceTree = "<group>"; };
		13C46DCC1F4BA39A004FD91F /* Info.plist */ = {isa = PBXFileReference; lastKnownFileType = text.plist.xml; path = Info.plist; sourceTree = "<group>"; };
		13C46DE21F4BADCE004FD91F /* Assets.xcassets */ = {isa = PBXFileReference; lastKnownFileType = folder.assetcatalog; path = Assets.xcassets; sourceTree = "<group>"; };
		13C46DE41F4BD24E004FD91F /* TransactionsTableViewController.swift */ = {isa = PBXFileReference; fileEncoding = 4; lastKnownFileType = sourcecode.swift; path = TransactionsTableViewController.swift; sourceTree = "<group>"; };
/* End PBXFileReference section */

/* Begin PBXFrameworksBuildPhase section */
		135083641F515C2800F438F7 /* Frameworks */ = {
			isa = PBXFrameworksBuildPhase;
			buildActionMask = 2147483647;
			files = (
			);
			runOnlyForDeploymentPostprocessing = 0;
		};
		13C46DBA1F4BA39A004FD91F /* Frameworks */ = {
			isa = PBXFrameworksBuildPhase;
			buildActionMask = 2147483647;
			files = (
				136D0BAC1F4D793F00DEEB3B /* MapKit.framework in Frameworks */,
			);
			runOnlyForDeploymentPostprocessing = 0;
		};
/* End PBXFrameworksBuildPhase section */

/* Begin PBXGroup section */
		135083681F515C2800F438F7 /* TexpensesUITests */ = {
			isa = PBXGroup;
			children = (
				135083691F515C2800F438F7 /* TexpensesUITests.swift */,
				1350836B1F515C2800F438F7 /* Info.plist */,
			);
			path = TexpensesUITests;
			sourceTree = "<group>";
		};
		135083731F515F0800F438F7 /* Controllers */ = {
			isa = PBXGroup;
			children = (
				136D0BA41F4C62C900DEEB3B /* SummaryCollectionViewController.swift */,
				136D0BAD1F4DB86F00DEEB3B /* AddExpenseViewController.swift */,
				136D0BA81F4D153C00DEEB3B /* CurrenciesTableViewController.swift */,
				136D0BE11F4EE1B400DEEB3B /* DashboardViewController.swift */,
				136D0BA61F4D062A00DEEB3B /* SettingsTableViewController.swift */,
				136D0BA01F4C4D2B00DEEB3B /* TransactionDetailsTableViewController.swift */,
				13C46DE41F4BD24E004FD91F /* TransactionsTableViewController.swift */,
			);
			name = Controllers;
			sourceTree = "<group>";
		};
		135083741F515F1900F438F7 /* Models */ = {
			isa = PBXGroup;
			children = (
				136D0BAF1F4E483B00DEEB3B /* Summary.swift */,
				136D0BB11F4E55C500DEEB3B /* Currency.swift */,
				135083711F515DE300F438F7 /* UserSettings.swift */,
				136D0BB31F4E579000DEEB3B /* Transaction.swift */,
			);
			name = Models;
			sourceTree = "<group>";
		};
		135083751F515F3200F438F7 /* Views */ = {
			isa = PBXGroup;
			children = (
				13C46DC41F4BA39A004FD91F /* Main.storyboard */,
				13C46DC91F4BA39A004FD91F /* LaunchScreen.storyboard */,
			);
			name = Views;
			sourceTree = "<group>";
		};
		136D0BAA1F4D793F00DEEB3B /* Frameworks */ = {
			isa = PBXGroup;
			children = (
				136D0BAB1F4D793F00DEEB3B /* MapKit.framework */,
			);
			name = Frameworks;
			sourceTree = "<group>";
		};
		13C46DB41F4BA39A004FD91F = {
			isa = PBXGroup;
			children = (
				13C46DBF1F4BA39A004FD91F /* Texpenses */,
				135083681F515C2800F438F7 /* TexpensesUITests */,
				13C46DBE1F4BA39A004FD91F /* Products */,
				136D0BAA1F4D793F00DEEB3B /* Frameworks */,
			);
			sourceTree = "<group>";
		};
		13C46DBE1F4BA39A004FD91F /* Products */ = {
			isa = PBXGroup;
			children = (
				13C46DBD1F4BA39A004FD91F /* Texpenses.app */,
				135083671F515C2800F438F7 /* TexpensesUITests.xctest */,
			);
			name = Products;
			sourceTree = "<group>";
		};
		13C46DBF1F4BA39A004FD91F /* Texpenses */ = {
			isa = PBXGroup;
			children = (
				13C46DC01F4BA39A004FD91F /* AppDelegate.swift */,
				135083751F515F3200F438F7 /* Views */,
				135083741F515F1900F438F7 /* Models */,
				135083731F515F0800F438F7 /* Controllers */,
				13C46DE21F4BADCE004FD91F /* Assets.xcassets */,
				13C46DCC1F4BA39A004FD91F /* Info.plist */,
			);
			path = Texpenses;
			sourceTree = "<group>";
		};
/* End PBXGroup section */

/* Begin PBXNativeTarget section */
		135083661F515C2800F438F7 /* TexpensesUITests */ = {
			isa = PBXNativeTarget;
			buildConfigurationList = 1350836E1F515C2800F438F7 /* Build configuration list for PBXNativeTarget "TexpensesUITests" */;
			buildPhases = (
				135083631F515C2800F438F7 /* Sources */,
				135083641F515C2800F438F7 /* Frameworks */,
				135083651F515C2800F438F7 /* Resources */,
			);
			buildRules = (
			);
			dependencies = (
				1350836D1F515C2800F438F7 /* PBXTargetDependency */,
			);
			name = TexpensesUITests;
			productName = TexpensesUITests;
			productReference = 135083671F515C2800F438F7 /* TexpensesUITests.xctest */;
			productType = "com.apple.product-type.bundle.ui-testing";
		};
		13C46DBC1F4BA39A004FD91F /* Texpenses */ = {
			isa = PBXNativeTarget;
			buildConfigurationList = 13C46DDA1F4BA39A004FD91F /* Build configuration list for PBXNativeTarget "Texpenses" */;
			buildPhases = (
				13C46DB91F4BA39A004FD91F /* Sources */,
				13C46DBA1F4BA39A004FD91F /* Frameworks */,
				13C46DBB1F4BA39A004FD91F /* Resources */,
			);
			buildRules = (
			);
			dependencies = (
			);
			name = Texpenses;
			productName = Texpenses;
			productReference = 13C46DBD1F4BA39A004FD91F /* Texpenses.app */;
			productType = "com.apple.product-type.application";
		};
/* End PBXNativeTarget section */

/* Begin PBXProject section */
		13C46DB51F4BA39A004FD91F /* Project object */ = {
			isa = PBXProject;
			attributes = {
				LastSwiftUpdateCheck = 0830;
				LastUpgradeCheck = 0830;
				ORGANIZATIONNAME = "Kassem Bagher";
				TargetAttributes = {
					135083661F515C2800F438F7 = {
						CreatedOnToolsVersion = 8.3;
						DevelopmentTeam = D3Y95JXX6C;
						ProvisioningStyle = Automatic;
						TestTargetID = 13C46DBC1F4BA39A004FD91F;
					};
					13C46DBC1F4BA39A004FD91F = {
						CreatedOnToolsVersion = 8.3;
						DevelopmentTeam = D3Y95JXX6C;
						ProvisioningStyle = Automatic;
						SystemCapabilities = {
							com.apple.Maps.iOS = {
								enabled = 1;
							};
						};
					};
				};
			};
			buildConfigurationList = 13C46DB81F4BA39A004FD91F /* Build configuration list for PBXProject "Texpenses" */;
			compatibilityVersion = "Xcode 3.2";
			developmentRegion = English;
			hasScannedForEncodings = 0;
			knownRegions = (
				en,
				Base,
			);
			mainGroup = 13C46DB41F4BA39A004FD91F;
			productRefGroup = 13C46DBE1F4BA39A004FD91F /* Products */;
			projectDirPath = "";
			projectRoot = "";
			targets = (
				13C46DBC1F4BA39A004FD91F /* Texpenses */,
				135083661F515C2800F438F7 /* TexpensesUITests */,
			);
		};
/* End PBXProject section */

/* Begin PBXResourcesBuildPhase section */
		135083651F515C2800F438F7 /* Resources */ = {
			isa = PBXResourcesBuildPhase;
			buildActionMask = 2147483647;
			files = (
			);
			runOnlyForDeploymentPostprocessing = 0;
		};
		13C46DBB1F4BA39A004FD91F /* Resources */ = {
			isa = PBXResourcesBuildPhase;
			buildActionMask = 2147483647;
			files = (
				13C46DCB1F4BA39A004FD91F /* LaunchScreen.storyboard in Resources */,
				13C46DE31F4BADCE004FD91F /* Assets.xcassets in Resources */,
				13C46DC61F4BA39A004FD91F /* Main.storyboard in Resources */,
			);
			runOnlyForDeploymentPostprocessing = 0;
		};
/* End PBXResourcesBuildPhase section */

/* Begin PBXSourcesBuildPhase section */
		135083631F515C2800F438F7 /* Sources */ = {
			isa = PBXSourcesBuildPhase;
			buildActionMask = 2147483647;
			files = (
				1350836A1F515C2800F438F7 /* TexpensesUITests.swift in Sources */,
			);
			runOnlyForDeploymentPostprocessing = 0;
		};
		13C46DB91F4BA39A004FD91F /* Sources */ = {
			isa = PBXSourcesBuildPhase;
			buildActionMask = 2147483647;
			files = (
				136D0BA91F4D153C00DEEB3B /* CurrenciesTableViewController.swift in Sources */,
				13C46DE51F4BD24E004FD91F /* TransactionsTableViewController.swift in Sources */,
				136D0BB41F4E579000DEEB3B /* Transaction.swift in Sources */,
				136D0BA11F4C4D2B00DEEB3B /* TransactionDetailsTableViewController.swift in Sources */,
				135083721F515DE300F438F7 /* UserSettings.swift in Sources */,
				136D0BAE1F4DB86F00DEEB3B /* AddExpenseViewController.swift in Sources */,
				136D0BA51F4C62C900DEEB3B /* SummaryCollectionViewController.swift in Sources */,
				136D0BB01F4E483B00DEEB3B /* Summary.swift in Sources */,
				136D0BE21F4EE1B400DEEB3B /* DashboardViewController.swift in Sources */,
				13C46DC11F4BA39A004FD91F /* AppDelegate.swift in Sources */,
				136D0BB21F4E55C500DEEB3B /* Currency.swift in Sources */,
				136D0BA71F4D062A00DEEB3B /* SettingsTableViewController.swift in Sources */,
			);
			runOnlyForDeploymentPostprocessing = 0;
		};
/* End PBXSourcesBuildPhase section */

/* Begin PBXTargetDependency section */
		1350836D1F515C2800F438F7 /* PBXTargetDependency */ = {
			isa = PBXTargetDependency;
			target = 13C46DBC1F4BA39A004FD91F /* Texpenses */;
			targetProxy = 1350836C1F515C2800F438F7 /* PBXContainerItemProxy */;
		};
/* End PBXTargetDependency section */

/* Begin PBXVariantGroup section */
		13C46DC41F4BA39A004FD91F /* Main.storyboard */ = {
			isa = PBXVariantGroup;
			children = (
				13C46DC51F4BA39A004FD91F /* Base */,
			);
			name = Main.storyboard;
			sourceTree = "<group>";
		};
		13C46DC91F4BA39A004FD91F /* LaunchScreen.storyboard */ = {
			isa = PBXVariantGroup;
			children = (
				13C46DCA1F4BA39A004FD91F /* Base */,
			);
			name = LaunchScreen.storyboard;
			sourceTree = "<group>";
		};
/* End PBXVariantGroup section */

/* Begin XCBuildConfiguration section */
		1350836F1F515C2800F438F7 /* Debug */ = {
			isa = XCBuildConfiguration;
			buildSettings = {
				DEVELOPMENT_TEAM = D3Y95JXX6C;
				INFOPLIST_FILE = TexpensesUITests/Info.plist;
				LD_RUNPATH_SEARCH_PATHS = "$(inherited) @executable_path/Frameworks @loader_path/Frameworks";
				PRODUCT_BUNDLE_IDENTIFIER = au.edu.rmit.TexpensesUITests;
				PRODUCT_NAME = "$(TARGET_NAME)";
				SWIFT_VERSION = 3.0;
				TEST_TARGET_NAME = Texpenses;
			};
			name = Debug;
		};
		135083701F515C2800F438F7 /* Release */ = {
			isa = XCBuildConfiguration;
			buildSettings = {
				DEVELOPMENT_TEAM = D3Y95JXX6C;
				INFOPLIST_FILE = TexpensesUITests/Info.plist;
				LD_RUNPATH_SEARCH_PATHS = "$(inherited) @executable_path/Frameworks @loader_path/Frameworks";
				PRODUCT_BUNDLE_IDENTIFIER = au.edu.rmit.TexpensesUITests;
				PRODUCT_NAME = "$(TARGET_NAME)";
				SWIFT_VERSION = 3.0;
				TEST_TARGET_NAME = Texpenses;
			};
			name = Release;
		};
		13C46DD81F4BA39A004FD91F /* Debug */ = {
			isa = XCBuildConfiguration;
			buildSettings = {
				ALWAYS_SEARCH_USER_PATHS = NO;
				CLANG_ANALYZER_NONNULL = YES;
				CLANG_ANALYZER_NUMBER_OBJECT_CONVERSION = YES_AGGRESSIVE;
				CLANG_CXX_LANGUAGE_STANDARD = "gnu++0x";
				CLANG_CXX_LIBRARY = "libc++";
				CLANG_ENABLE_MODULES = YES;
				CLANG_ENABLE_OBJC_ARC = YES;
				CLANG_WARN_BOOL_CONVERSION = YES;
				CLANG_WARN_CONSTANT_CONVERSION = YES;
				CLANG_WARN_DIRECT_OBJC_ISA_USAGE = YES_ERROR;
				CLANG_WARN_DOCUMENTATION_COMMENTS = YES;
				CLANG_WARN_EMPTY_BODY = YES;
				CLANG_WARN_ENUM_CONVERSION = YES;
				CLANG_WARN_INFINITE_RECURSION = YES;
				CLANG_WARN_INT_CONVERSION = YES;
				CLANG_WARN_OBJC_ROOT_CLASS = YES_ERROR;
				CLANG_WARN_SUSPICIOUS_MOVE = YES;
				CLANG_WARN_UNREACHABLE_CODE = YES;
				CLANG_WARN__DUPLICATE_METHOD_MATCH = YES;
				"CODE_SIGN_IDENTITY[sdk=iphoneos*]" = "iPhone Developer";
				COPY_PHASE_STRIP = NO;
				DEBUG_INFORMATION_FORMAT = dwarf;
				ENABLE_STRICT_OBJC_MSGSEND = YES;
				ENABLE_TESTABILITY = YES;
				GCC_C_LANGUAGE_STANDARD = gnu99;
				GCC_DYNAMIC_NO_PIC = NO;
				GCC_NO_COMMON_BLOCKS = YES;
				GCC_OPTIMIZATION_LEVEL = 0;
				GCC_PREPROCESSOR_DEFINITIONS = (
					"DEBUG=1",
					"$(inherited)",
				);
				GCC_WARN_64_TO_32_BIT_CONVERSION = YES;
				GCC_WARN_ABOUT_RETURN_TYPE = YES_ERROR;
				GCC_WARN_UNDECLARED_SELECTOR = YES;
				GCC_WARN_UNINITIALIZED_AUTOS = YES_AGGRESSIVE;
				GCC_WARN_UNUSED_FUNCTION = YES;
				GCC_WARN_UNUSED_VARIABLE = YES;
				IPHONEOS_DEPLOYMENT_TARGET = 10.3;
				MTL_ENABLE_DEBUG_INFO = YES;
				ONLY_ACTIVE_ARCH = YES;
				SDKROOT = iphoneos;
				SWIFT_ACTIVE_COMPILATION_CONDITIONS = DEBUG;
				SWIFT_OPTIMIZATION_LEVEL = "-Onone";
				TARGETED_DEVICE_FAMILY = "1,2";
			};
			name = Debug;
		};
		13C46DD91F4BA39A004FD91F /* Release */ = {
			isa = XCBuildConfiguration;
			buildSettings = {
				ALWAYS_SEARCH_USER_PATHS = NO;
				CLANG_ANALYZER_NONNULL = YES;
				CLANG_ANALYZER_NUMBER_OBJECT_CONVERSION = YES_AGGRESSIVE;
				CLANG_CXX_LANGUAGE_STANDARD = "gnu++0x";
				CLANG_CXX_LIBRARY = "libc++";
				CLANG_ENABLE_MODULES = YES;
				CLANG_ENABLE_OBJC_ARC = YES;
				CLANG_WARN_BOOL_CONVERSION = YES;
				CLANG_WARN_CONSTANT_CONVERSION = YES;
				CLANG_WARN_DIRECT_OBJC_ISA_USAGE = YES_ERROR;
				CLANG_WARN_DOCUMENTATION_COMMENTS = YES;
				CLANG_WARN_EMPTY_BODY = YES;
				CLANG_WARN_ENUM_CONVERSION = YES;
				CLANG_WARN_INFINITE_RECURSION = YES;
				CLANG_WARN_INT_CONVERSION = YES;
				CLANG_WARN_OBJC_ROOT_CLASS = YES_ERROR;
				CLANG_WARN_SUSPICIOUS_MOVE = YES;
				CLANG_WARN_UNREACHABLE_CODE = YES;
				CLANG_WARN__DUPLICATE_METHOD_MATCH = YES;
				"CODE_SIGN_IDENTITY[sdk=iphoneos*]" = "iPhone Developer";
				COPY_PHASE_STRIP = NO;
				DEBUG_INFORMATION_FORMAT = "dwarf-with-dsym";
				ENABLE_NS_ASSERTIONS = NO;
				ENABLE_STRICT_OBJC_MSGSEND = YES;
				GCC_C_LANGUAGE_STANDARD = gnu99;
				GCC_NO_COMMON_BLOCKS = YES;
				GCC_WARN_64_TO_32_BIT_CONVERSION = YES;
				GCC_WARN_ABOUT_RETURN_TYPE = YES_ERROR;
				GCC_WARN_UNDECLARED_SELECTOR = YES;
				GCC_WARN_UNINITIALIZED_AUTOS = YES_AGGRESSIVE;
				GCC_WARN_UNUSED_FUNCTION = YES;
				GCC_WARN_UNUSED_VARIABLE = YES;
				IPHONEOS_DEPLOYMENT_TARGET = 10.3;
				MTL_ENABLE_DEBUG_INFO = NO;
				SDKROOT = iphoneos;
				SWIFT_OPTIMIZATION_LEVEL = "-Owholemodule";
				TARGETED_DEVICE_FAMILY = "1,2";
				VALIDATE_PRODUCT = YES;
			};
			name = Release;
		};
		13C46DDB1F4BA39A004FD91F /* Debug */ = {
			isa = XCBuildConfiguration;
			buildSettings = {
				ASSETCATALOG_COMPILER_APPICON_NAME = AppIcon;
				DEVELOPMENT_TEAM = D3Y95JXX6C;
				INFOPLIST_FILE = Texpenses/Info.plist;
				LD_RUNPATH_SEARCH_PATHS = "$(inherited) @executable_path/Frameworks";
				PRODUCT_BUNDLE_IDENTIFIER = au.edu.rmit.Texpenses;
				PRODUCT_NAME = "$(TARGET_NAME)";
				SWIFT_VERSION = 3.0;
			};
			name = Debug;
		};
		13C46DDC1F4BA39A004FD91F /* Release */ = {
			isa = XCBuildConfiguration;
			buildSettings = {
				ASSETCATALOG_COMPILER_APPICON_NAME = AppIcon;
				DEVELOPMENT_TEAM = D3Y95JXX6C;
				INFOPLIST_FILE = Texpenses/Info.plist;
				LD_RUNPATH_SEARCH_PATHS = "$(inherited) @executable_path/Frameworks";
				PRODUCT_BUNDLE_IDENTIFIER = au.edu.rmit.Texpenses;
				PRODUCT_NAME = "$(TARGET_NAME)";
				SWIFT_VERSION = 3.0;
			};
			name = Release;
		};
/* End XCBuildConfiguration section */

/* Begin XCConfigurationList section */
		1350836E1F515C2800F438F7 /* Build configuration list for PBXNativeTarget "TexpensesUITests" */ = {
			isa = XCConfigurationList;
			buildConfigurations = (
				1350836F1F515C2800F438F7 /* Debug */,
				135083701F515C2800F438F7 /* Release */,
			);
			defaultConfigurationIsVisible = 0;
			defaultConfigurationName = Release;
		};
		13C46DB81F4BA39A004FD91F /* Build configuration list for PBXProject "Texpenses" */ = {
			isa = XCConfigurationList;
			buildConfigurations = (
				13C46DD81F4BA39A004FD91F /* Debug */,
				13C46DD91F4BA39A004FD91F /* Release */,
			);
			defaultConfigurationIsVisible = 0;
			defaultConfigurationName = Release;
		};
		13C46DDA1F4BA39A004FD91F /* Build configuration list for PBXNativeTarget "Texpenses" */ = {
			isa = XCConfigurationList;
			buildConfigurations = (
				13C46DDB1F4BA39A004FD91F /* Debug */,
				13C46DDC1F4BA39A004FD91F /* Release */,
			);
			defaultConfigurationIsVisible = 0;
			defaultConfigurationName = Release;
		};
/* End XCConfigurationList section */
	};
	rootObject = 13C46DB51F4BA39A004FD91F /* Project object */;
}
